// !$*UTF8*$!
{
	archiveVersion = 1;
	classes = {
	};
	objectVersion = 46;
	objects = {

/* Begin PBXBuildFile section */
		CD4BDB991CF14F1F00A056B1 /* NamesTableViewCell.swift in Sources */ = {isa = PBXBuildFile; fileRef = CD4BDB981CF14F1F00A056B1 /* NamesTableViewCell.swift */; };
		CD4BDB9B1CF277B900A056B1 /* LoginViewController.swift in Sources */ = {isa = PBXBuildFile; fileRef = CD4BDB9A1CF277B900A056B1 /* LoginViewController.swift */; };
		CD4BDB9D1CF2BFB400A056B1 /* AdminViewController.swift in Sources */ = {isa = PBXBuildFile; fileRef = CD4BDB9C1CF2BFB400A056B1 /* AdminViewController.swift */; };
		CD4BDB9F1CF40B6900A056B1 /* adminNamesCellTableViewCell.swift in Sources */ = {isa = PBXBuildFile; fileRef = CD4BDB9E1CF40B6900A056B1 /* adminNamesCellTableViewCell.swift */; };
		CD4BDBA11CF419EC00A056B1 /* addNewMember.swift in Sources */ = {isa = PBXBuildFile; fileRef = CD4BDBA01CF419EC00A056B1 /* addNewMember.swift */; };
		CD4BDBA31CF41ADD00A056B1 /* updateMember.swift in Sources */ = {isa = PBXBuildFile; fileRef = CD4BDBA21CF41ADD00A056B1 /* updateMember.swift */; };
		CD5B98241CF99FBD00C62B8C /* Member.swift in Sources */ = {isa = PBXBuildFile; fileRef = CD5B98231CF99FBD00C62B8C /* Member.swift */; };
		CDBC5E811CC864EF0067FA0F /* AppDelegate.swift in Sources */ = {isa = PBXBuildFile; fileRef = CDBC5E801CC864EF0067FA0F /* AppDelegate.swift */; };
		CDBC5E831CC864EF0067FA0F /* ViewController.swift in Sources */ = {isa = PBXBuildFile; fileRef = CDBC5E821CC864EF0067FA0F /* ViewController.swift */; };
		CDBC5E861CC864EF0067FA0F /* Main.storyboard in Resources */ = {isa = PBXBuildFile; fileRef = CDBC5E841CC864EF0067FA0F /* Main.storyboard */; };
		CDBC5E881CC864EF0067FA0F /* Assets.xcassets in Resources */ = {isa = PBXBuildFile; fileRef = CDBC5E871CC864EF0067FA0F /* Assets.xcassets */; };
		CDBC5E8B1CC864EF0067FA0F /* LaunchScreen.storyboard in Resources */ = {isa = PBXBuildFile; fileRef = CDBC5E891CC864EF0067FA0F /* LaunchScreen.storyboard */; };
/* End PBXBuildFile section */

/* Begin PBXFileReference section */
		CD4BDB981CF14F1F00A056B1 /* NamesTableViewCell.swift */ = {isa = PBXFileReference; fileEncoding = 4; lastKnownFileType = sourcecode.swift; name = NamesTableViewCell.swift; path = ../../../.Trash/NamesTableViewCell.swift; sourceTree = "<group>"; };
		CD4BDB9A1CF277B900A056B1 /* LoginViewController.swift */ = {isa = PBXFileReference; fileEncoding = 4; lastKnownFileType = sourcecode.swift; name = LoginViewController.swift; path = testSwiftyJSON/LoginViewController.swift; sourceTree = SOURCE_ROOT; };
		CD4BDB9C1CF2BFB400A056B1 /* AdminViewController.swift */ = {isa = PBXFileReference; fileEncoding = 4; lastKnownFileType = sourcecode.swift; name = AdminViewController.swift; path = testSwiftyJSON/AdminViewController.swift; sourceTree = SOURCE_ROOT; };
		CD4BDB9E1CF40B6900A056B1 /* adminNamesCellTableViewCell.swift */ = {isa = PBXFileReference; fileEncoding = 4; lastKnownFileType = sourcecode.swift; name = adminNamesCellTableViewCell.swift; path = testSwiftyJSON/adminNamesCellTableViewCell.swift; sourceTree = SOURCE_ROOT; };
		CD4BDBA01CF419EC00A056B1 /* addNewMember.swift */ = {isa = PBXFileReference; fileEncoding = 4; lastKnownFileType = sourcecode.swift; name = addNewMember.swift; path = testSwiftyJSON/addNewMember.swift; sourceTree = SOURCE_ROOT; };
		CD4BDBA21CF41ADD00A056B1 /* updateMember.swift */ = {isa = PBXFileReference; fileEncoding = 4; lastKnownFileType = sourcecode.swift; name = updateMember.swift; path = testSwiftyJSON/updateMember.swift; sourceTree = SOURCE_ROOT; };
		CD5B98231CF99FBD00C62B8C /* Member.swift */ = {isa = PBXFileReference; fileEncoding = 4; lastKnownFileType = sourcecode.swift; path = Member.swift; sourceTree = "<group>"; };
		CDBC5E7D1CC864EF0067FA0F /* Diwan Alshatti.app */ = {isa = PBXFileReference; explicitFileType = wrapper.application; includeInIndex = 0; path = "Diwan Alshatti.app"; sourceTree = BUILT_PRODUCTS_DIR; };
		CDBC5E801CC864EF0067FA0F /* AppDelegate.swift */ = {isa = PBXFileReference; lastKnownFileType = sourcecode.swift; path = AppDelegate.swift; sourceTree = "<group>"; };
		CDBC5E821CC864EF0067FA0F /* ViewController.swift */ = {isa = PBXFileReference; lastKnownFileType = sourcecode.swift; path = ViewController.swift; sourceTree = "<group>"; };
		CDBC5E851CC864EF0067FA0F /* Base */ = {isa = PBXFileReference; lastKnownFileType = file.storyboard; name = Base; path = Base.lproj/Main.storyboard; sourceTree = "<group>"; };
		CDBC5E871CC864EF0067FA0F /* Assets.xcassets */ = {isa = PBXFileReference; lastKnownFileType = folder.assetcatalog; path = Assets.xcassets; sourceTree = "<group>"; };
		CDBC5E8A1CC864EF0067FA0F /* Base */ = {isa = PBXFileReference; lastKnownFileType = file.storyboard; name = Base; path = Base.lproj/LaunchScreen.storyboard; sourceTree = "<group>"; };
		CDBC5E8C1CC864EF0067FA0F /* Info.plist */ = {isa = PBXFileReference; lastKnownFileType = text.plist.xml; path = Info.plist; sourceTree = "<group>"; };
/* End PBXFileReference section */

/* Begin PBXFrameworksBuildPhase section */
		CDBC5E7A1CC864EF0067FA0F /* Frameworks */ = {
			isa = PBXFrameworksBuildPhase;
			buildActionMask = 2147483647;
			files = (
			);
			runOnlyForDeploymentPostprocessing = 0;
		};
/* End PBXFrameworksBuildPhase section */

/* Begin PBXGroup section */
		CDBC5E741CC864EF0067FA0F = {
			isa = PBXGroup;
			children = (
				CDBC5E7F1CC864EF0067FA0F /* Diwan Alshatti */,
				CDBC5E7E1CC864EF0067FA0F /* Products */,
			);
			sourceTree = "<group>";
		};
		CDBC5E7E1CC864EF0067FA0F /* Products */ = {
			isa = PBXGroup;
			children = (
				CDBC5E7D1CC864EF0067FA0F /* Diwan Alshatti.app */,
			);
			name = Products;
			sourceTree = "<group>";
		};
		CDBC5E7F1CC864EF0067FA0F /* Diwan Alshatti */ = {
			isa = PBXGroup;
			children = (
				CDBC5E801CC864EF0067FA0F /* AppDelegate.swift */,
				CDBC5E821CC864EF0067FA0F /* ViewController.swift */,
				CD4BDB9A1CF277B900A056B1 /* LoginViewController.swift */,
				CD4BDB9C1CF2BFB400A056B1 /* AdminViewController.swift */,
				CD4BDBA01CF419EC00A056B1 /* addNewMember.swift */,
				CD4BDBA21CF41ADD00A056B1 /* updateMember.swift */,
				CDBC5E841CC864EF0067FA0F /* Main.storyboard */,
				CDBC5E871CC864EF0067FA0F /* Assets.xcassets */,
				CDBC5E891CC864EF0067FA0F /* LaunchScreen.storyboard */,
				CDBC5E8C1CC864EF0067FA0F /* Info.plist */,
				CD4BDB981CF14F1F00A056B1 /* NamesTableViewCell.swift */,
				CD4BDB9E1CF40B6900A056B1 /* adminNamesCellTableViewCell.swift */,
				CD5B98231CF99FBD00C62B8C /* Member.swift */,
			);
			name = "Diwan Alshatti";
			path = testSwiftyjson;
			sourceTree = "<group>";
		};
/* End PBXGroup section */

/* Begin PBXNativeTarget section */
		CDBC5E7C1CC864EF0067FA0F /* Diwan Alshatti */ = {
			isa = PBXNativeTarget;
			buildConfigurationList = CDBC5E8F1CC864EF0067FA0F /* Build configuration list for PBXNativeTarget "Diwan Alshatti" */;
			buildPhases = (
				CDBC5E791CC864EF0067FA0F /* Sources */,
				CDBC5E7A1CC864EF0067FA0F /* Frameworks */,
				CDBC5E7B1CC864EF0067FA0F /* Resources */,
			);
			buildRules = (
			);
			dependencies = (
			);
			name = "Diwan Alshatti";
			productName = testSwiftyjson;
			productReference = CDBC5E7D1CC864EF0067FA0F /* Diwan Alshatti.app */;
			productType = "com.apple.product-type.application";
		};
/* End PBXNativeTarget section */

/* Begin PBXProject section */
		CDBC5E751CC864EF0067FA0F /* Project object */ = {
			isa = PBXProject;
			attributes = {
				LastSwiftUpdateCheck = 0730;
				LastUpgradeCheck = 0730;
				ORGANIZATIONNAME = "Mohammad Alabdullah";
				TargetAttributes = {
					CDBC5E7C1CC864EF0067FA0F = {
						CreatedOnToolsVersion = 7.3;
						DevelopmentTeam = 8745927ZY5;
						SystemCapabilities = {
							com.apple.BackgroundModes = {
								enabled = 1;
							};
							com.apple.Push = {
								enabled = 0;
							};
						};
					};
				};
			};
			buildConfigurationList = CDBC5E781CC864EF0067FA0F /* Build configuration list for PBXProject "Diwan Alshatti" */;
			compatibilityVersion = "Xcode 3.2";
			developmentRegion = English;
			hasScannedForEncodings = 0;
			knownRegions = (
				en,
				Base,
			);
			mainGroup = CDBC5E741CC864EF0067FA0F;
			productRefGroup = CDBC5E7E1CC864EF0067FA0F /* Products */;
			projectDirPath = "";
			projectRoot = "";
			targets = (
				CDBC5E7C1CC864EF0067FA0F /* Diwan Alshatti */,
			);
		};
/* End PBXProject section */

/* Begin PBXResourcesBuildPhase section */
		CDBC5E7B1CC864EF0067FA0F /* Resources */ = {
			isa = PBXResourcesBuildPhase;
			buildActionMask = 2147483647;
			files = (
				CDBC5E8B1CC864EF0067FA0F /* LaunchScreen.storyboard in Resources */,
				CDBC5E881CC864EF0067FA0F /* Assets.xcassets in Resources */,
				CDBC5E861CC864EF0067FA0F /* Main.storyboard in Resources */,
			);
			runOnlyForDeploymentPostprocessing = 0;
		};
/* End PBXResourcesBuildPhase section */

/* Begin PBXSourcesBuildPhase section */
		CDBC5E791CC864EF0067FA0F /* Sources */ = {
			isa = PBXSourcesBuildPhase;
			buildActionMask = 2147483647;
			files = (
				CD4BDBA11CF419EC00A056B1 /* addNewMember.swift in Sources */,
				CD4BDB9D1CF2BFB400A056B1 /* AdminViewController.swift in Sources */,
				CD4BDBA31CF41ADD00A056B1 /* updateMember.swift in Sources */,
				CDBC5E831CC864EF0067FA0F /* ViewController.swift in Sources */,
				CD5B98241CF99FBD00C62B8C /* Member.swift in Sources */,
				CD4BDB9F1CF40B6900A056B1 /* adminNamesCellTableViewCell.swift in Sources */,
				CD4BDB991CF14F1F00A056B1 /* NamesTableViewCell.swift in Sources */,
				CD4BDB9B1CF277B900A056B1 /* LoginViewController.swift in Sources */,
				CDBC5E811CC864EF0067FA0F /* AppDelegate.swift in Sources */,
			);
			runOnlyForDeploymentPostprocessing = 0;
		};
/* End PBXSourcesBuildPhase section */

/* Begin PBXVariantGroup section */
		CDBC5E841CC864EF0067FA0F /* Main.storyboard */ = {
			isa = PBXVariantGroup;
			children = (
				CDBC5E851CC864EF0067FA0F /* Base */,
			);
			name = Main.storyboard;
			sourceTree = "<group>";
		};
		CDBC5E891CC864EF0067FA0F /* LaunchScreen.storyboard */ = {
			isa = PBXVariantGroup;
			children = (
				CDBC5E8A1CC864EF0067FA0F /* Base */,
			);
			name = LaunchScreen.storyboard;
			sourceTree = "<group>";
		};
/* End PBXVariantGroup section */

/* Begin XCBuildConfiguration section */
		CDBC5E8D1CC864EF0067FA0F /* Debug */ = {
			isa = XCBuildConfiguration;
			buildSettings = {
				ALWAYS_SEARCH_USER_PATHS = NO;
				CLANG_ANALYZER_NONNULL = YES;
				CLANG_CXX_LANGUAGE_STANDARD = "gnu++0x";
				CLANG_CXX_LIBRARY = "libc++";
				CLANG_ENABLE_MODULES = YES;
				CLANG_ENABLE_OBJC_ARC = YES;
				CLANG_WARN_BOOL_CONVERSION = YES;
				CLANG_WARN_CONSTANT_CONVERSION = YES;
				CLANG_WARN_DIRECT_OBJC_ISA_USAGE = YES_ERROR;
				CLANG_WARN_EMPTY_BODY = YES;
				CLANG_WARN_ENUM_CONVERSION = YES;
				CLANG_WARN_INT_CONVERSION = YES;
				CLANG_WARN_OBJC_ROOT_CLASS = YES_ERROR;
				CLANG_WARN_UNREACHABLE_CODE = YES;
				CLANG_WARN__DUPLICATE_METHOD_MATCH = YES;
				"CODE_SIGN_IDENTITY[sdk=iphoneos*]" = "iPhone Developer";
				COPY_PHASE_STRIP = NO;
				DEBUG_INFORMATION_FORMAT = dwarf;
				ENABLE_STRICT_OBJC_MSGSEND = YES;
				ENABLE_TESTABILITY = YES;
				GCC_C_LANGUAGE_STANDARD = gnu99;
				GCC_DYNAMIC_NO_PIC = NO;
				GCC_NO_COMMON_BLOCKS = YES;
				GCC_OPTIMIZATION_LEVEL = 0;
				GCC_PREPROCESSOR_DEFINITIONS = (
					"DEBUG=1",
					"$(inherited)",
				);
				GCC_WARN_64_TO_32_BIT_CONVERSION = YES;
				GCC_WARN_ABOUT_RETURN_TYPE = YES_ERROR;
				GCC_WARN_UNDECLARED_SELECTOR = YES;
				GCC_WARN_UNINITIALIZED_AUTOS = YES_AGGRESSIVE;
				GCC_WARN_UNUSED_FUNCTION = YES;
				GCC_WARN_UNUSED_VARIABLE = YES;
				IPHONEOS_DEPLOYMENT_TARGET = 9.3;
				MTL_ENABLE_DEBUG_INFO = YES;
				ONLY_ACTIVE_ARCH = YES;
				SDKROOT = iphoneos;
				SWIFT_OPTIMIZATION_LEVEL = "-Onone";
				TARGETED_DEVICE_FAMILY = "1,2";
			};
			name = Debug;
		};
		CDBC5E8E1CC864EF0067FA0F /* Release */ = {
			isa = XCBuildConfiguration;
			buildSettings = {
				ALWAYS_SEARCH_USER_PATHS = NO;
				CLANG_ANALYZER_NONNULL = YES;
				CLANG_CXX_LANGUAGE_STANDARD = "gnu++0x";
				CLANG_CXX_LIBRARY = "libc++";
				CLANG_ENABLE_MODULES = YES;
				CLANG_ENABLE_OBJC_ARC = YES;
				CLANG_WARN_BOOL_CONVERSION = YES;
				CLANG_WARN_CONSTANT_CONVERSION = YES;
				CLANG_WARN_DIRECT_OBJC_ISA_USAGE = YES_ERROR;
				CLANG_WARN_EMPTY_BODY = YES;
				CLANG_WARN_ENUM_CONVERSION = YES;
				CLANG_WARN_INT_CONVERSION = YES;
				CLANG_WARN_OBJC_ROOT_CLASS = YES_ERROR;
				CLANG_WARN_UNREACHABLE_CODE = YES;
				CLANG_WARN__DUPLICATE_METHOD_MATCH = YES;
				"CODE_SIGN_IDENTITY[sdk=iphoneos*]" = "iPhone Developer";
				COPY_PHASE_STRIP = NO;
				DEBUG_INFORMATION_FORMAT = "dwarf-with-dsym";
				ENABLE_NS_ASSERTIONS = NO;
				ENABLE_STRICT_OBJC_MSGSEND = YES;
				GCC_C_LANGUAGE_STANDARD = gnu99;
				GCC_NO_COMMON_BLOCKS = YES;
				GCC_WARN_64_TO_32_BIT_CONVERSION = YES;
				GCC_WARN_ABOUT_RETURN_TYPE = YES_ERROR;
				GCC_WARN_UNDECLARED_SELECTOR = YES;
				GCC_WARN_UNINITIALIZED_AUTOS = YES_AGGRESSIVE;
				GCC_WARN_UNUSED_FUNCTION = YES;
				GCC_WARN_UNUSED_VARIABLE = YES;
				IPHONEOS_DEPLOYMENT_TARGET = 9.3;
				MTL_ENABLE_DEBUG_INFO = NO;
				SDKROOT = iphoneos;
				TARGETED_DEVICE_FAMILY = "1,2";
				VALIDATE_PRODUCT = YES;
			};
			name = Release;
		};
		CDBC5E901CC864EF0067FA0F /* Debug */ = {
			isa = XCBuildConfiguration;
			buildSettings = {
				ASSETCATALOG_COMPILER_APPICON_NAME = AppIcon;
				CODE_SIGN_IDENTITY = "iPhone Developer";
				"CODE_SIGN_IDENTITY[sdk=iphoneos*]" = "iPhone Developer";
				INFOPLIST_FILE = testSwiftyJSON/Info.plist;
				LD_RUNPATH_SEARCH_PATHS = "$(inherited) @executable_path/Frameworks";
				PRODUCT_BUNDLE_IDENTIFIER = com.malabdullah.DiwanAlshatti;
				PRODUCT_NAME = "Diwan Alshatti";
				PROVISIONING_PROFILE = "";
			};
			name = Debug;
		};
		CDBC5E911CC864EF0067FA0F /* Release */ = {
			isa = XCBuildConfiguration;
			buildSettings = {
				ASSETCATALOG_COMPILER_APPICON_NAME = AppIcon;
				CODE_SIGN_IDENTITY = "iPhone Developer";
				"CODE_SIGN_IDENTITY[sdk=iphoneos*]" = "iPhone Developer";
				INFOPLIST_FILE = testSwiftyJSON/Info.plist;
				LD_RUNPATH_SEARCH_PATHS = "$(inherited) @executable_path/Frameworks";
				PRODUCT_BUNDLE_IDENTIFIER = com.malabdullah.DiwanAlshatti;
				PRODUCT_NAME = "Diwan Alshatti";
				PROVISIONING_PROFILE = "";
			};
			name = Release;
		};
/* End XCBuildConfiguration section */

/* Begin XCConfigurationList section */
		CDBC5E781CC864EF0067FA0F /* Build configuration list for PBXProject "Diwan Alshatti" */ = {
			isa = XCConfigurationList;
			buildConfigurations = (
				CDBC5E8D1CC864EF0067FA0F /* Debug */,
				CDBC5E8E1CC864EF0067FA0F /* Release */,
			);
			defaultConfigurationIsVisible = 0;
			defaultConfigurationName = Release;
		};
		CDBC5E8F1CC864EF0067FA0F /* Build configuration list for PBXNativeTarget "Diwan Alshatti" */ = {
			isa = XCConfigurationList;
			buildConfigurations = (
				CDBC5E901CC864EF0067FA0F /* Debug */,
				CDBC5E911CC864EF0067FA0F /* Release */,
			);
			defaultConfigurationIsVisible = 0;
			defaultConfigurationName = Release;
		};
/* End XCConfigurationList section */
	};
	rootObject = CDBC5E751CC864EF0067FA0F /* Project object */;
}
